
Microsoft Visual Studio Solution File, Format Version 12.00
# Visual Studio 15
VisualStudioVersion = 15.0.28010.2003
MinimumVisualStudioVersion = 10.0.40219.1
Project("{FAE04EC0-301F-11D3-BF4B-00C04F79EFBC}") = "Lands.Android", "Lands\Lands.Android\Lands.Android.csproj", "{2D9C1377-A31E-47C5-BB4F-E85C2EDC2B94}"
EndProject
Project("{FAE04EC0-301F-11D3-BF4B-00C04F79EFBC}") = "Lands.iOS", "Lands\Lands.iOS\Lands.iOS.csproj", "{D0FF095B-A514-4038-B96B-4BFDE0CC81B4}"
EndProject
Project("{FAE04EC0-301F-11D3-BF4B-00C04F79EFBC}") = "Lands", "Lands\Lands\Lands.csproj", "{CE3577C3-71F7-4DE5-A9BD-7654B5201C9B}"
EndProject
Global
	GlobalSection(SolutionConfigurationPlatforms) = preSolution
		Ad-Hoc|Any CPU = Ad-Hoc|Any CPU
		Ad-Hoc|iPhone = Ad-Hoc|iPhone
		Ad-Hoc|iPhoneSimulator = Ad-Hoc|iPhoneSimulator
		AppStore|Any CPU = AppStore|Any CPU
		AppStore|iPhone = AppStore|iPhone
		AppStore|iPhoneSimulator = AppStore|iPhoneSimulator
		Debug|Any CPU = Debug|Any CPU
		Debug|iPhone = Debug|iPhone
		Debug|iPhoneSimulator = Debug|iPhoneSimulator
		Release|Any CPU = Release|Any CPU
		Release|iPhone = Release|iPhone
		Release|iPhoneSimulator = Release|iPhoneSimulator
	EndGlobalSection
	GlobalSection(ProjectConfigurationPlatforms) = postSolution
		{2D9C1377-A31E-47C5-BB4F-E85C2EDC2B94}.Ad-Hoc|Any CPU.ActiveCfg = Release|Any CPU
		{2D9C1377-A31E-47C5-BB4F-E85C2EDC2B94}.Ad-Hoc|Any CPU.Build.0 = Release|Any CPU
		{2D9C1377-A31E-47C5-BB4F-E85C2EDC2B94}.Ad-Hoc|Any CPU.Deploy.0 = Release|Any CPU
		{2D9C1377-A31E-47C5-BB4F-E85C2EDC2B94}.Ad-Hoc|iPhone.ActiveCfg = Release|Any CPU
		{2D9C1377-A31E-47C5-BB4F-E85C2EDC2B94}.Ad-Hoc|iPhone.Build.0 = Release|Any CPU
		{2D9C1377-A31E-47C5-BB4F-E85C2EDC2B94}.Ad-Hoc|iPhone.Deploy.0 = Release|Any CPU
		{2D9C1377-A31E-47C5-BB4F-E85C2EDC2B94}.Ad-Hoc|iPhoneSimulator.ActiveCfg = Release|Any CPU
		{2D9C1377-A31E-47C5-BB4F-E85C2EDC2B94}.Ad-Hoc|iPhoneSimulator.Build.0 = Release|Any CPU
		{2D9C1377-A31E-47C5-BB4F-E85C2EDC2B94}.Ad-Hoc|iPhoneSimulator.Deploy.0 = Release|Any CPU
		{2D9C1377-A31E-47C5-BB4F-E85C2EDC2B94}.AppStore|Any CPU.ActiveCfg = Release|Any CPU
		{2D9C1377-A31E-47C5-BB4F-E85C2EDC2B94}.AppStore|Any CPU.Build.0 = Release|Any CPU
		{2D9C1377-A31E-47C5-BB4F-E85C2EDC2B94}.AppStore|Any CPU.Deploy.0 = Release|Any CPU
		{2D9C1377-A31E-47C5-BB4F-E85C2EDC2B94}.AppStore|iPhone.ActiveCfg = Release|Any CPU
		{2D9C1377-A31E-47C5-BB4F-E85C2EDC2B94}.AppStore|iPhone.Build.0 = Release|Any CPU
		{2D9C1377-A31E-47C5-BB4F-E85C2EDC2B94}.AppStore|iPhone.Deploy.0 = Release|Any CPU
		{2D9C1377-A31E-47C5-BB4F-E85C2EDC2B94}.AppStore|iPhoneSimulator.ActiveCfg = Release|Any CPU
		{2D9C1377-A31E-47C5-BB4F-E85C2EDC2B94}.AppStore|iPhoneSimulator.Build.0 = Release|Any CPU
		{2D9C1377-A31E-47C5-BB4F-E85C2EDC2B94}.AppStore|iPhoneSimulator.Deploy.0 = Release|Any CPU
		{2D9C1377-A31E-47C5-BB4F-E85C2EDC2B94}.Debug|Any CPU.ActiveCfg = Debug|Any CPU
		{2D9C1377-A31E-47C5-BB4F-E85C2EDC2B94}.Debug|Any CPU.Build.0 = Debug|Any CPU
		{2D9C1377-A31E-47C5-BB4F-E85C2EDC2B94}.Debug|Any CPU.Deploy.0 = Debug|Any CPU
		{2D9C1377-A31E-47C5-BB4F-E85C2EDC2B94}.Debug|iPhone.ActiveCfg = Debug|Any CPU
		{2D9C1377-A31E-47C5-BB4F-E85C2EDC2B94}.Debug|iPhone.Build.0 = Debug|Any CPU
		{2D9C1377-A31E-47C5-BB4F-E85C2EDC2B94}.Debug|iPhone.Deploy.0 = Debug|Any CPU
		{2D9C1377-A31E-47C5-BB4F-E85C2EDC2B94}.Debug|iPhoneSimulator.ActiveCfg = Debug|Any CPU
		{2D9C1377-A31E-47C5-BB4F-E85C2EDC2B94}.Debug|iPhoneSimulator.Build.0 = Debug|Any CPU
		{2D9C1377-A31E-47C5-BB4F-E85C2EDC2B94}.Debug|iPhoneSimulator.Deploy.0 = Debug|Any CPU
		{2D9C1377-A31E-47C5-BB4F-E85C2EDC2B94}.Release|Any CPU.ActiveCfg = Release|Any CPU
		{2D9C1377-A31E-47C5-BB4F-E85C2EDC2B94}.Release|Any CPU.Build.0 = Release|Any CPU
		{2D9C1377-A31E-47C5-BB4F-E85C2EDC2B94}.Release|Any CPU.Deploy.0 = Release|Any CPU
		{2D9C1377-A31E-47C5-BB4F-E85C2EDC2B94}.Release|iPhone.ActiveCfg = Release|Any CPU
		{2D9C1377-A31E-47C5-BB4F-E85C2EDC2B94}.Release|iPhone.Build.0 = Release|Any CPU
		{2D9C1377-A31E-47C5-BB4F-E85C2EDC2B94}.Release|iPhone.Deploy.0 = Release|Any CPU
		{2D9C1377-A31E-47C5-BB4F-E85C2EDC2B94}.Release|iPhoneSimulator.ActiveCfg = Release|Any CPU
		{2D9C1377-A31E-47C5-BB4F-E85C2EDC2B94}.Release|iPhoneSimulator.Build.0 = Release|Any CPU
		{2D9C1377-A31E-47C5-BB4F-E85C2EDC2B94}.Release|iPhoneSimulator.Deploy.0 = Release|Any CPU
		{D0FF095B-A514-4038-B96B-4BFDE0CC81B4}.Ad-Hoc|Any CPU.ActiveCfg = Ad-Hoc|iPhone
		{D0FF095B-A514-4038-B96B-4BFDE0CC81B4}.Ad-Hoc|Any CPU.Build.0 = Ad-Hoc|iPhone
		{D0FF095B-A514-4038-B96B-4BFDE0CC81B4}.Ad-Hoc|Any CPU.Deploy.0 = Ad-Hoc|iPhone
		{D0FF095B-A514-4038-B96B-4BFDE0CC81B4}.Ad-Hoc|iPhone.ActiveCfg = Ad-Hoc|iPhone
		{D0FF095B-A514-4038-B96B-4BFDE0CC81B4}.Ad-Hoc|iPhone.Build.0 = Ad-Hoc|iPhone
		{D0FF095B-A514-4038-B96B-4BFDE0CC81B4}.Ad-Hoc|iPhone.Deploy.0 = Ad-Hoc|iPhone
		{D0FF095B-A514-4038-B96B-4BFDE0CC81B4}.Ad-Hoc|iPhoneSimulator.ActiveCfg = Ad-Hoc|iPhoneSimulator
		{D0FF095B-A514-4038-B96B-4BFDE0CC81B4}.Ad-Hoc|iPhoneSimulator.Build.0 = Ad-Hoc|iPhoneSimulator
		{D0FF095B-A514-4038-B96B-4BFDE0CC81B4}.Ad-Hoc|iPhoneSimulator.Deploy.0 = Ad-Hoc|iPhoneSimulator
		{D0FF095B-A514-4038-B96B-4BFDE0CC81B4}.AppStore|Any CPU.ActiveCfg = AppStore|iPhone
		{D0FF095B-A514-4038-B96B-4BFDE0CC81B4}.AppStore|Any CPU.Build.0 = AppStore|iPhone
		{D0FF095B-A514-4038-B96B-4BFDE0CC81B4}.AppStore|Any CPU.Deploy.0 = AppStore|iPhone
		{D0FF095B-A514-4038-B96B-4BFDE0CC81B4}.AppStore|iPhone.ActiveCfg = AppStore|iPhone
		{D0FF095B-A514-4038-B96B-4BFDE0CC81B4}.AppStore|iPhone.Build.0 = AppStore|iPhone
		{D0FF095B-A514-4038-B96B-4BFDE0CC81B4}.AppStore|iPhone.Deploy.0 = AppStore|iPhone
		{D0FF095B-A514-4038-B96B-4BFDE0CC81B4}.AppStore|iPhoneSimulator.ActiveCfg = AppStore|iPhoneSimulator
		{D0FF095B-A514-4038-B96B-4BFDE0CC81B4}.AppStore|iPhoneSimulator.Build.0 = AppStore|iPhoneSimulator
		{D0FF095B-A514-4038-B96B-4BFDE0CC81B4}.AppStore|iPhoneSimulator.Deploy.0 = AppStore|iPhoneSimulator
		{D0FF095B-A514-4038-B96B-4BFDE0CC81B4}.Debug|Any CPU.ActiveCfg = Debug|iPhoneSimulator
		{D0FF095B-A514-4038-B96B-4BFDE0CC81B4}.Debug|Any CPU.Build.0 = Debug|iPhoneSimulator
		{D0FF095B-A514-4038-B96B-4BFDE0CC81B4}.Debug|Any CPU.Deploy.0 = Debug|iPhoneSimulator
		{D0FF095B-A514-4038-B96B-4BFDE0CC81B4}.Debug|iPhone.ActiveCfg = Debug|iPhone
		{D0FF095B-A514-4038-B96B-4BFDE0CC81B4}.Debug|iPhone.Build.0 = Debug|iPhone
		{D0FF095B-A514-4038-B96B-4BFDE0CC81B4}.Debug|iPhone.Deploy.0 = Debug|iPhone
		{D0FF095B-A514-4038-B96B-4BFDE0CC81B4}.Debug|iPhoneSimulator.ActiveCfg = Debug|iPhoneSimulator
		{D0FF095B-A514-4038-B96B-4BFDE0CC81B4}.Debug|iPhoneSimulator.Build.0 = Debug|iPhoneSimulator
		{D0FF095B-A514-4038-B96B-4BFDE0CC81B4}.Debug|iPhoneSimulator.Deploy.0 = Debug|iPhoneSimulator
		{D0FF095B-A514-4038-B96B-4BFDE0CC81B4}.Release|Any CPU.ActiveCfg = Release|iPhone
		{D0FF095B-A514-4038-B96B-4BFDE0CC81B4}.Release|Any CPU.Build.0 = Release|iPhone
		{D0FF095B-A514-4038-B96B-4BFDE0CC81B4}.Release|Any CPU.Deploy.0 = Release|iPhone
		{D0FF095B-A514-4038-B96B-4BFDE0CC81B4}.Release|iPhone.ActiveCfg = Release|iPhone
		{D0FF095B-A514-4038-B96B-4BFDE0CC81B4}.Release|iPhone.Build.0 = Release|iPhone
		{D0FF095B-A514-4038-B96B-4BFDE0CC81B4}.Release|iPhone.Deploy.0 = Release|iPhone
		{D0FF095B-A514-4038-B96B-4BFDE0CC81B4}.Release|iPhoneSimulator.ActiveCfg = Release|iPhoneSimulator
		{D0FF095B-A514-4038-B96B-4BFDE0CC81B4}.Release|iPhoneSimulator.Build.0 = Release|iPhoneSimulator
		{D0FF095B-A514-4038-B96B-4BFDE0CC81B4}.Release|iPhoneSimulator.Deploy.0 = Release|iPhoneSimulator
		{CE3577C3-71F7-4DE5-A9BD-7654B5201C9B}.Ad-Hoc|Any CPU.ActiveCfg = Debug|Any CPU
		{CE3577C3-71F7-4DE5-A9BD-7654B5201C9B}.Ad-Hoc|Any CPU.Build.0 = Debug|Any CPU
		{CE3577C3-71F7-4DE5-A9BD-7654B5201C9B}.Ad-Hoc|Any CPU.Deploy.0 = Debug|Any CPU
		{CE3577C3-71F7-4DE5-A9BD-7654B5201C9B}.Ad-Hoc|iPhone.ActiveCfg = Debug|Any CPU
		{CE3577C3-71F7-4DE5-A9BD-7654B5201C9B}.Ad-Hoc|iPhone.Build.0 = Debug|Any CPU
		{CE3577C3-71F7-4DE5-A9BD-7654B5201C9B}.Ad-Hoc|iPhone.Deploy.0 = Debug|Any CPU
		{CE3577C3-71F7-4DE5-A9BD-7654B5201C9B}.Ad-Hoc|iPhoneSimulator.ActiveCfg = Debug|Any CPU
		{CE3577C3-71F7-4DE5-A9BD-7654B5201C9B}.Ad-Hoc|iPhoneSimulator.Build.0 = Debug|Any CPU
		{CE3577C3-71F7-4DE5-A9BD-7654B5201C9B}.Ad-Hoc|iPhoneSimulator.Deploy.0 = Debug|Any CPU
		{CE3577C3-71F7-4DE5-A9BD-7654B5201C9B}.AppStore|Any CPU.ActiveCfg = Debug|Any CPU
		{CE3577C3-71F7-4DE5-A9BD-7654B5201C9B}.AppStore|Any CPU.Build.0 = Debug|Any CPU
		{CE3577C3-71F7-4DE5-A9BD-7654B5201C9B}.AppStore|Any CPU.Deploy.0 = Debug|Any CPU
		{CE3577C3-71F7-4DE5-A9BD-7654B5201C9B}.AppStore|iPhone.ActiveCfg = Debug|Any CPU
		{CE3577C3-71F7-4DE5-A9BD-7654B5201C9B}.AppStore|iPhone.Build.0 = Debug|Any CPU
		{CE3577C3-71F7-4DE5-A9BD-7654B5201C9B}.AppStore|iPhone.Deploy.0 = Debug|Any CPU
		{CE3577C3-71F7-4DE5-A9BD-7654B5201C9B}.AppStore|iPhoneSimulator.ActiveCfg = Debug|Any CPU
		{CE3577C3-71F7-4DE5-A9BD-7654B5201C9B}.AppStore|iPhoneSimulator.Build.0 = Debug|Any CPU
		{CE3577C3-71F7-4DE5-A9BD-7654B5201C9B}.AppStore|iPhoneSimulator.Deploy.0 = Debug|Any CPU
		{CE3577C3-71F7-4DE5-A9BD-7654B5201C9B}.Debug|Any CPU.ActiveCfg = Debug|Any CPU
		{CE3577C3-71F7-4DE5-A9BD-7654B5201C9B}.Debug|Any CPU.Build.0 = Debug|Any CPU
		{CE3577C3-71F7-4DE5-A9BD-7654B5201C9B}.Debug|Any CPU.Deploy.0 = Debug|Any CPU
		{CE3577C3-71F7-4DE5-A9BD-7654B5201C9B}.Debug|iPhone.ActiveCfg = Debug|Any CPU
		{CE3577C3-71F7-4DE5-A9BD-7654B5201C9B}.Debug|iPhone.Build.0 = Debug|Any CPU
		{CE3577C3-71F7-4DE5-A9BD-7654B5201C9B}.Debug|iPhone.Deploy.0 = Debug|Any CPU
		{CE3577C3-71F7-4DE5-A9BD-7654B5201C9B}.Debug|iPhoneSimulator.ActiveCfg = Debug|Any CPU
		{CE3577C3-71F7-4DE5-A9BD-7654B5201C9B}.Debug|iPhoneSimulator.Build.0 = Debug|Any CPU
		{CE3577C3-71F7-4DE5-A9BD-7654B5201C9B}.Debug|iPhoneSimulator.Deploy.0 = Debug|Any CPU
		{CE3577C3-71F7-4DE5-A9BD-7654B5201C9B}.Release|Any CPU.ActiveCfg = Release|Any CPU
		{CE3577C3-71F7-4DE5-A9BD-7654B5201C9B}.Release|Any CPU.Build.0 = Release|Any CPU
		{CE3577C3-71F7-4DE5-A9BD-7654B5201C9B}.Release|Any CPU.Deploy.0 = Release|Any CPU
		{CE3577C3-71F7-4DE5-A9BD-7654B5201C9B}.Release|iPhone.ActiveCfg = Release|Any CPU
		{CE3577C3-71F7-4DE5-A9BD-7654B5201C9B}.Release|iPhone.Build.0 = Release|Any CPU
		{CE3577C3-71F7-4DE5-A9BD-7654B5201C9B}.Release|iPhone.Deploy.0 = Release|Any CPU
		{CE3577C3-71F7-4DE5-A9BD-7654B5201C9B}.Release|iPhoneSimulator.ActiveCfg = Release|Any CPU
		{CE3577C3-71F7-4DE5-A9BD-7654B5201C9B}.Release|iPhoneSimulator.Build.0 = Release|Any CPU
		{CE3577C3-71F7-4DE5-A9BD-7654B5201C9B}.Release|iPhoneSimulator.Deploy.0 = Release|Any CPU
	EndGlobalSection
	GlobalSection(SolutionProperties) = preSolution
		HideSolutionNode = FALSE
	EndGlobalSection
	GlobalSection(ExtensibilityGlobals) = postSolution
		SolutionGuid = {E6FF0F80-F532-47C0-8581-47367FD994C7}
	EndGlobalSection
EndGlobal
